
Microsoft Visual Studio Solution File, Format Version 12.00
Project("{FAE04EC0-301F-11D3-BF4B-00C04F79EFBC}") = "Task 1", "Task 1\Task 1.csproj", "{0E3142AE-2812-4756-BBF8-89CDD9D42C5E}"
EndProject
Project("{FAE04EC0-301F-11D3-BF4B-00C04F79EFBC}") = "Task 2", "Task 2\Task 2.csproj", "{EA99DA90-56E7-4BAA-B8F0-85AF851594B5}"
EndProject
Project("{FAE04EC0-301F-11D3-BF4B-00C04F79EFBC}") = "Task 3", "Task 3\Task 3.csproj", "{EDC91797-F111-4D2F-8D65-9E6EE85D0721}"
EndProject
Project("{FAE04EC0-301F-11D3-BF4B-00C04F79EFBC}") = "Task 4", "Task 4\Task 4.csproj", "{ED642845-3D85-484A-8696-CF15E3B71509}"
EndProject
Project("{FAE04EC0-301F-11D3-BF4B-00C04F79EFBC}") = "Task 5", "Task 5\Task 5.csproj", "{17871962-6E21-4109-B2F3-772EA7F01966}"
EndProject
Global
	GlobalSection(SolutionConfigurationPlatforms) = preSolution
		Debug|Any CPU = Debug|Any CPU
		Release|Any CPU = Release|Any CPU
	EndGlobalSection
	GlobalSection(ProjectConfigurationPlatforms) = postSolution
		{0E3142AE-2812-4756-BBF8-89CDD9D42C5E}.Debug|Any CPU.ActiveCfg = Debug|Any CPU
		{0E3142AE-2812-4756-BBF8-89CDD9D42C5E}.Debug|Any CPU.Build.0 = Debug|Any CPU
		{0E3142AE-2812-4756-BBF8-89CDD9D42C5E}.Release|Any CPU.ActiveCfg = Release|Any CPU
		{0E3142AE-2812-4756-BBF8-89CDD9D42C5E}.Release|Any CPU.Build.0 = Release|Any CPU
		{EA99DA90-56E7-4BAA-B8F0-85AF851594B5}.Debug|Any CPU.ActiveCfg = Debug|Any CPU
		{EA99DA90-56E7-4BAA-B8F0-85AF851594B5}.Debug|Any CPU.Build.0 = Debug|Any CPU
		{EA99DA90-56E7-4BAA-B8F0-85AF851594B5}.Release|Any CPU.ActiveCfg = Release|Any CPU
		{EA99DA90-56E7-4BAA-B8F0-85AF851594B5}.Release|Any CPU.Build.0 = Release|Any CPU
		{EDC91797-F111-4D2F-8D65-9E6EE85D0721}.Debug|Any CPU.ActiveCfg = Debug|Any CPU
		{EDC91797-F111-4D2F-8D65-9E6EE85D0721}.Debug|Any CPU.Build.0 = Debug|Any CPU
		{EDC91797-F111-4D2F-8D65-9E6EE85D0721}.Release|Any CPU.ActiveCfg = Release|Any CPU
		{EDC91797-F111-4D2F-8D65-9E6EE85D0721}.Release|Any CPU.Build.0 = Release|Any CPU
		{ED642845-3D85-484A-8696-CF15E3B71509}.Debug|Any CPU.ActiveCfg = Debug|Any CPU
		{ED642845-3D85-484A-8696-CF15E3B71509}.Debug|Any CPU.Build.0 = Debug|Any CPU
		{ED642845-3D85-484A-8696-CF15E3B71509}.Release|Any CPU.ActiveCfg = Release|Any CPU
		{ED642845-3D85-484A-8696-CF15E3B71509}.Release|Any CPU.Build.0 = Release|Any CPU
		{17871962-6E21-4109-B2F3-772EA7F01966}.Debug|Any CPU.ActiveCfg = Debug|Any CPU
		{17871962-6E21-4109-B2F3-772EA7F01966}.Debug|Any CPU.Build.0 = Debug|Any CPU
		{17871962-6E21-4109-B2F3-772EA7F01966}.Release|Any CPU.ActiveCfg = Release|Any CPU
		{17871962-6E21-4109-B2F3-772EA7F01966}.Release|Any CPU.Build.0 = Release|Any CPU
	EndGlobalSection
EndGlobal
